Microsoft Visual Studio Solution File, Format Version 12.00
# Visual Studio Version 17
VisualStudioVersion = 17.5.2.0
MinimumVisualStudioVersion = 10.0.40219.1
Project("{FAE04EC0-301F-11D3-BF4B-00C04F79EFBC}") = "clases_y_herencias", "clases_y_herencias.csproj", "{93416745-5E77-D751-CD7E-ECD2F53F1E88}"
EndProject
Global
	GlobalSection(SolutionConfigurationPlatforms) = preSolution
		Debug|Any CPU = Debug|Any CPU
		Release|Any CPU = Release|Any CPU
	EndGlobalSection
	GlobalSection(ProjectConfigurationPlatforms) = postSolution
		{93416745-5E77-D751-CD7E-ECD2F53F1E88}.Debug|Any CPU.ActiveCfg = Debug|Any CPU
		{93416745-5E77-D751-CD7E-ECD2F53F1E88}.Debug|Any CPU.Build.0 = Debug|Any CPU
		{93416745-5E77-D751-CD7E-ECD2F53F1E88}.Release|Any CPU.ActiveCfg = Release|Any CPU
		{93416745-5E77-D751-CD7E-ECD2F53F1E88}.Release|Any CPU.Build.0 = Release|Any CPU
	EndGlobalSection
	GlobalSection(SolutionProperties) = preSolution
		HideSolutionNode = FALSE
	EndGlobalSection
	GlobalSection(ExtensibilityGlobals) = postSolution
		SolutionGuid = {AC2440DE-05C5-47BD-B2FB-46870186280F}
	EndGlobalSection
EndGlobal
